
Microsoft Visual Studio Solution File, Format Version 12.00
# Visual Studio 2013
VisualStudioVersion = 12.0.30501.0
MinimumVisualStudioVersion = 10.0.40219.1
Project("{FAE04EC0-301F-11D3-BF4B-00C04F79EFBC}") = "LaunchSitecore7", "LaunchSitecore7.csproj", "{5958492C-34E4-4CD1-91A5-40D1E37406E4}"
EndProject
Global
	GlobalSection(SolutionConfigurationPlatforms) = preSolution
		Debug|Any CPU = Debug|Any CPU
		Release|Any CPU = Release|Any CPU
		Sitecore Update Packages|Any CPU = Sitecore Update Packages|Any CPU
	EndGlobalSection
	GlobalSection(ProjectConfigurationPlatforms) = postSolution
		{5958492C-34E4-4CD1-91A5-40D1E37406E4}.Debug|Any CPU.ActiveCfg = Debug|Any CPU
		{5958492C-34E4-4CD1-91A5-40D1E37406E4}.Debug|Any CPU.Build.0 = Debug|Any CPU
		{5958492C-34E4-4CD1-91A5-40D1E37406E4}.Release|Any CPU.ActiveCfg = Release|Any CPU
		{5958492C-34E4-4CD1-91A5-40D1E37406E4}.Release|Any CPU.Build.0 = Release|Any CPU
		{5958492C-34E4-4CD1-91A5-40D1E37406E4}.Sitecore Update Packages|Any CPU.ActiveCfg = Sitecore Update Packages|Any CPU
		{5958492C-34E4-4CD1-91A5-40D1E37406E4}.Sitecore Update Packages|Any CPU.Build.0 = Sitecore Update Packages|Any CPU
	EndGlobalSection
	GlobalSection(SolutionProperties) = preSolution
		HideSolutionNode = FALSE
	EndGlobalSection
EndGlobal
